# This file is autogenerated, do not edit; changes may be undone by the next 'dep ensure'.


[[projects]]
  branch = "master"
  name = "github.com/ericaro/frontmatter"
  packages = ["."]
  revision = "9fedef9406e420da012d078cd83645bbac08f291"

[[projects]]
  branch = "master"
  name = "github.com/moutend/go-backlog"
  packages = ["."]
  revision = "cd5dbbbce7979f20da866f43184b97f0b73903e8"

[[projects]]
  name = "gopkg.in/yaml.v2"
  packages = ["."]
  revision = "5420a8b6744d3b0345ab293f6fcba19c978f1183"
  version = "v2.2.1"

[solve-meta]
  analyzer-name = "dep"
  analyzer-version = 1
  inputs-digest = "89b95c4b0c4384a01726703023a379616097f9e90de8bd589c7dd289f6b7b435"
  solver-name = "gps-cdcl"
  solver-version = 1
